
Microsoft Visual Studio Solution File, Format Version 12.00
# Visual Studio Version 17
VisualStudioVersion = 17.8.34330.188
MinimumVisualStudioVersion = 10.0.40219.1
Project("{8BC9CEB8-8B4A-11D0-8D11-00A0C91BC942}") = "Direct3DTutorial", "Direct3DTutorial\Direct3DTutorial.vcxproj", "{70A4FB4D-9271-41E8-969E-89CCE8125326}"
EndProject
Global
	GlobalSection(SolutionConfigurationPlatforms) = preSolution
		Debug|x64 = Debug|x64
		Debug|x86 = Debug|x86
		Release|x64 = Release|x64
		Release|x86 = Release|x86
	EndGlobalSection
	GlobalSection(ProjectConfigurationPlatforms) = postSolution
		{70A4FB4D-9271-41E8-969E-89CCE8125326}.Debug|x64.ActiveCfg = Debug|x64
		{70A4FB4D-9271-41E8-969E-89CCE8125326}.Debug|x64.Build.0 = Debug|x64
		{70A4FB4D-9271-41E8-969E-89CCE8125326}.Debug|x86.ActiveCfg = Debug|Win32
		{70A4FB4D-9271-41E8-969E-89CCE8125326}.Debug|x86.Build.0 = Debug|Win32
		{70A4FB4D-9271-41E8-969E-89CCE8125326}.Release|x64.ActiveCfg = Release|x64
		{70A4FB4D-9271-41E8-969E-89CCE8125326}.Release|x64.Build.0 = Release|x64
		{70A4FB4D-9271-41E8-969E-89CCE8125326}.Release|x86.ActiveCfg = Release|Win32
		{70A4FB4D-9271-41E8-969E-89CCE8125326}.Release|x86.Build.0 = Release|Win32
	EndGlobalSection
	GlobalSection(SolutionProperties) = preSolution
		HideSolutionNode = FALSE
	EndGlobalSection
	GlobalSection(ExtensibilityGlobals) = postSolution
		SolutionGuid = {108917A5-B324-41E0-B596-4D1B5777E9D3}
	EndGlobalSection
EndGlobal
